# This file is automatically @generated by Cargo.
# It is not intended for manual editing.
version = 4

[[package]]
name = "lib"
version = "0.1.0"
dependencies = [
 "lib_types",
 "lib_utils",
]

[[package]]
name = "lib_intrinsics"
version = "0.1.0"
dependencies = [
 "lib",
]

[[package]]
name = "lib_types"
version = "0.1.0"
dependencies = [
 "lib_utils",
]

[[package]]
name = "lib_utils"
version = "0.1.0"

[[package]]
name = "tests"
version = "0.1.0"
dependencies = [
 "lib",
 "lib_types",
]

[[package]]
name = "x86_rs"
version = "0.1.0"
dependencies = [
 "lib",
]
